
Microsoft Visual Studio Solution File, Format Version 12.00
# Visual Studio Version 17
VisualStudioVersion = 17.4.33205.214
MinimumVisualStudioVersion = 10.0.40219.1
Project("{9A19103F-16F7-4668-BE54-9A1E7A4F7556}") = "VinylEye.Cli", "VinylEye.Cli\VinylEye.Cli.csproj", "{50DD3A00-1F1F-43A3-9942-21DA50D24ABE}"
EndProject
Global
	GlobalSection(SolutionConfigurationPlatforms) = preSolution
		Debug|Any CPU = Debug|Any CPU
		Release|Any CPU = Release|Any CPU
	EndGlobalSection
	GlobalSection(ProjectConfigurationPlatforms) = postSolution
		{50DD3A00-1F1F-43A3-9942-21DA50D24ABE}.Debug|Any CPU.ActiveCfg = Debug|Any CPU
		{50DD3A00-1F1F-43A3-9942-21DA50D24ABE}.Debug|Any CPU.Build.0 = Debug|Any CPU
		{50DD3A00-1F1F-43A3-9942-21DA50D24ABE}.Release|Any CPU.ActiveCfg = Release|Any CPU
		{50DD3A00-1F1F-43A3-9942-21DA50D24ABE}.Release|Any CPU.Build.0 = Release|Any CPU
	EndGlobalSection
	GlobalSection(SolutionProperties) = preSolution
		HideSolutionNode = FALSE
	EndGlobalSection
	GlobalSection(ExtensibilityGlobals) = postSolution
		SolutionGuid = {7442DE44-C664-42E2-91BF-A72A71413E55}
	EndGlobalSection
EndGlobal
